
Microsoft Visual Studio Solution File, Format Version 12.00
# Visual Studio Version 17
VisualStudioVersion = 17.0.31903.59
MinimumVisualStudioVersion = 10.0.40219.1
Project("{FAE04EC0-301F-11D3-BF4B-00C04F79EFBC}") = "Solucion", "Solucion\Solucion.csproj", "{EF857569-DBFC-4FBE-A302-A1BF00D0A038}"
EndProject
Project("{FAE04EC0-301F-11D3-BF4B-00C04F79EFBC}") = "Pruebas", "Pruebas\Pruebas.csproj", "{D5B4ED92-984A-41DF-BF8F-A669F2D1DB30}"
EndProject
Global
	GlobalSection(SolutionConfigurationPlatforms) = preSolution
		Debug|Any CPU = Debug|Any CPU
		Release|Any CPU = Release|Any CPU
	EndGlobalSection
	GlobalSection(SolutionProperties) = preSolution
		HideSolutionNode = FALSE
	EndGlobalSection
	GlobalSection(ProjectConfigurationPlatforms) = postSolution
		{EF857569-DBFC-4FBE-A302-A1BF00D0A038}.Debug|Any CPU.ActiveCfg = Debug|Any CPU
		{EF857569-DBFC-4FBE-A302-A1BF00D0A038}.Debug|Any CPU.Build.0 = Debug|Any CPU
		{EF857569-DBFC-4FBE-A302-A1BF00D0A038}.Release|Any CPU.ActiveCfg = Release|Any CPU
		{EF857569-DBFC-4FBE-A302-A1BF00D0A038}.Release|Any CPU.Build.0 = Release|Any CPU
		{D5B4ED92-984A-41DF-BF8F-A669F2D1DB30}.Debug|Any CPU.ActiveCfg = Debug|Any CPU
		{D5B4ED92-984A-41DF-BF8F-A669F2D1DB30}.Debug|Any CPU.Build.0 = Debug|Any CPU
		{D5B4ED92-984A-41DF-BF8F-A669F2D1DB30}.Release|Any CPU.ActiveCfg = Release|Any CPU
		{D5B4ED92-984A-41DF-BF8F-A669F2D1DB30}.Release|Any CPU.Build.0 = Release|Any CPU
	EndGlobalSection
EndGlobal
